
Microsoft Visual Studio Solution File, Format Version 12.00
# Visual Studio Version 16
VisualStudioVersion = 16.0.30320.27
MinimumVisualStudioVersion = 10.0.40219.1
Project("{FAE04EC0-301F-11D3-BF4B-00C04F79EFBC}") = "TestCommunicate", "TestCommunicate\TestCommunicate.csproj", "{F6A4A6D5-4132-446B-B6B5-AF79FC8D8B96}"
EndProject
Global
	GlobalSection(SolutionConfigurationPlatforms) = preSolution
		Debug|Any CPU = Debug|Any CPU
		Release|Any CPU = Release|Any CPU
	EndGlobalSection
	GlobalSection(ProjectConfigurationPlatforms) = postSolution
		{F6A4A6D5-4132-446B-B6B5-AF79FC8D8B96}.Debug|Any CPU.ActiveCfg = Debug|Any CPU
		{F6A4A6D5-4132-446B-B6B5-AF79FC8D8B96}.Debug|Any CPU.Build.0 = Debug|Any CPU
		{F6A4A6D5-4132-446B-B6B5-AF79FC8D8B96}.Release|Any CPU.ActiveCfg = Release|Any CPU
		{F6A4A6D5-4132-446B-B6B5-AF79FC8D8B96}.Release|Any CPU.Build.0 = Release|Any CPU
	EndGlobalSection
	GlobalSection(SolutionProperties) = preSolution
		HideSolutionNode = FALSE
	EndGlobalSection
	GlobalSection(ExtensibilityGlobals) = postSolution
		SolutionGuid = {5AF2F00B-25A0-48B2-8B20-300BAA9FEDF1}
	EndGlobalSection
EndGlobal
